
Microsoft Visual Studio Solution File, Format Version 12.00
# Visual Studio 2012
Project("{FAE04EC0-301F-11D3-BF4B-00C04F79EFBC}") = "ufbAcessivel", "testeBluetooth2\ufbAcessivel.csproj", "{5FF844FD-B766-42A0-922D-1EEAE6369FFE}"
EndProject
Global
	GlobalSection(SolutionConfigurationPlatforms) = preSolution
		Debug|Any CPU = Debug|Any CPU
		Release|Any CPU = Release|Any CPU
	EndGlobalSection
	GlobalSection(ProjectConfigurationPlatforms) = postSolution
		{5FF844FD-B766-42A0-922D-1EEAE6369FFE}.Debug|Any CPU.ActiveCfg = Debug|Any CPU
		{5FF844FD-B766-42A0-922D-1EEAE6369FFE}.Debug|Any CPU.Build.0 = Debug|Any CPU
		{5FF844FD-B766-42A0-922D-1EEAE6369FFE}.Release|Any CPU.ActiveCfg = Release|Any CPU
		{5FF844FD-B766-42A0-922D-1EEAE6369FFE}.Release|Any CPU.Build.0 = Release|Any CPU
	EndGlobalSection
EndGlobal
